
Microsoft Visual Studio Solution File, Format Version 12.00
# Visual Studio Version 16
VisualStudioVersion = 16.0.29519.181
MinimumVisualStudioVersion = 10.0.40219.1
Project("{FAE04EC0-301F-11D3-BF4B-00C04F79EFBC}") = "SortAlgo", "SortAlgo\SortAlgo.csproj", "{EE7EAD31-640A-4BA4-A288-BE412903A5AE}"
EndProject
Project("{FAE04EC0-301F-11D3-BF4B-00C04F79EFBC}") = "SortAlgoTests", "SortAlgoTests\SortAlgoTests.csproj", "{1ECF8787-989C-4C64-A8B6-69578A6895BE}"
EndProject
Global
	GlobalSection(SolutionConfigurationPlatforms) = preSolution
		Debug|Any CPU = Debug|Any CPU
		Release|Any CPU = Release|Any CPU
	EndGlobalSection
	GlobalSection(ProjectConfigurationPlatforms) = postSolution
		{EE7EAD31-640A-4BA4-A288-BE412903A5AE}.Debug|Any CPU.ActiveCfg = Debug|Any CPU
		{EE7EAD31-640A-4BA4-A288-BE412903A5AE}.Debug|Any CPU.Build.0 = Debug|Any CPU
		{EE7EAD31-640A-4BA4-A288-BE412903A5AE}.Release|Any CPU.ActiveCfg = Release|Any CPU
		{EE7EAD31-640A-4BA4-A288-BE412903A5AE}.Release|Any CPU.Build.0 = Release|Any CPU
		{1ECF8787-989C-4C64-A8B6-69578A6895BE}.Debug|Any CPU.ActiveCfg = Debug|Any CPU
		{1ECF8787-989C-4C64-A8B6-69578A6895BE}.Debug|Any CPU.Build.0 = Debug|Any CPU
		{1ECF8787-989C-4C64-A8B6-69578A6895BE}.Release|Any CPU.ActiveCfg = Release|Any CPU
		{1ECF8787-989C-4C64-A8B6-69578A6895BE}.Release|Any CPU.Build.0 = Release|Any CPU
	EndGlobalSection
	GlobalSection(SolutionProperties) = preSolution
		HideSolutionNode = FALSE
	EndGlobalSection
	GlobalSection(ExtensibilityGlobals) = postSolution
		SolutionGuid = {7DC60443-20BD-48BE-B7DD-A825E408ABCD}
	EndGlobalSection
EndGlobal
